
Microsoft Visual Studio Solution File, Format Version 12.00
# Visual Studio Version 16
VisualStudioVersion = 16.0.31729.503
MinimumVisualStudioVersion = 10.0.40219.1
Project("{FAE04EC0-301F-11D3-BF4B-00C04F79EFBC}") = "HastaneOtomasyonProjesi", "HastaneOtomasyonProjesi\HastaneOtomasyonProjesi.csproj", "{A5DC8241-ECE0-438F-A355-FC0C36469B68}"
EndProject
Global
	GlobalSection(SolutionConfigurationPlatforms) = preSolution
		Debug|Any CPU = Debug|Any CPU
		Release|Any CPU = Release|Any CPU
	EndGlobalSection
	GlobalSection(ProjectConfigurationPlatforms) = postSolution
		{A5DC8241-ECE0-438F-A355-FC0C36469B68}.Debug|Any CPU.ActiveCfg = Debug|Any CPU
		{A5DC8241-ECE0-438F-A355-FC0C36469B68}.Debug|Any CPU.Build.0 = Debug|Any CPU
		{A5DC8241-ECE0-438F-A355-FC0C36469B68}.Release|Any CPU.ActiveCfg = Release|Any CPU
		{A5DC8241-ECE0-438F-A355-FC0C36469B68}.Release|Any CPU.Build.0 = Release|Any CPU
	EndGlobalSection
	GlobalSection(SolutionProperties) = preSolution
		HideSolutionNode = FALSE
	EndGlobalSection
	GlobalSection(ExtensibilityGlobals) = postSolution
		SolutionGuid = {2E7EC78C-7EA8-4345-AD56-D7B448D07F14}
	EndGlobalSection
EndGlobal
